// !$*UTF8*$!
{
	archiveVersion = 1;
	classes = {
	};
	objectVersion = 55;
	objects = {

/* Begin PBXBuildFile section */
		9450B98D28C26D0500C1A1EF /* main.cpp in Sources */ = {isa = PBXBuildFile; fileRef = 9450B98C28C26D0500C1A1EF /* main.cpp */; };
		9450B99528C26DB900C1A1EF /* libSDL2-2.0.0.dylib in Frameworks */ = {isa = PBXBuildFile; fileRef = 9450B99428C26DB900C1A1EF /* libSDL2-2.0.0.dylib */; };
		9450B99928C26E8400C1A1EF /* Game.cpp in Sources */ = {isa = PBXBuildFile; fileRef = 9450B99728C26E8400C1A1EF /* Game.cpp */; };
		9450B9A228C275DC00C1A1EF /* OpenGL.framework in Frameworks */ = {isa = PBXBuildFile; fileRef = 9450B9A128C275DC00C1A1EF /* OpenGL.framework */; };
		9450B9A428C275F000C1A1EF /* CoreFoundation.framework in Frameworks */ = {isa = PBXBuildFile; fileRef = 9450B9A328C275F000C1A1EF /* CoreFoundation.framework */; };
/* End PBXBuildFile section */

/* Begin PBXCopyFilesBuildPhase section */
		9450B98728C26D0500C1A1EF /* CopyFiles */ = {
			isa = PBXCopyFilesBuildPhase;
			buildActionMask = 2147483647;
			dstPath = /usr/share/man/man1/;
			dstSubfolderSpec = 0;
			files = (
			);
			runOnlyForDeploymentPostprocessing = 1;
		};
/* End PBXCopyFilesBuildPhase section */

/* Begin PBXFileReference section */
		9450B98928C26D0500C1A1EF /* Pong Game */ = {isa = PBXFileReference; explicitFileType = "compiled.mach-o.executable"; includeInIndex = 0; path = "Pong Game"; sourceTree = BUILT_PRODUCTS_DIR; };
		9450B98C28C26D0500C1A1EF /* main.cpp */ = {isa = PBXFileReference; lastKnownFileType = sourcecode.cpp.cpp; path = main.cpp; sourceTree = "<group>"; };
		9450B99428C26DB900C1A1EF /* libSDL2-2.0.0.dylib */ = {isa = PBXFileReference; lastKnownFileType = "compiled.mach-o.dylib"; name = "libSDL2-2.0.0.dylib"; path = "../../../../../../../usr/local/lib/libSDL2-2.0.0.dylib"; sourceTree = "<group>"; };
		9450B99728C26E8400C1A1EF /* Game.cpp */ = {isa = PBXFileReference; lastKnownFileType = sourcecode.cpp.cpp; path = Game.cpp; sourceTree = "<group>"; };
		9450B99828C26E8400C1A1EF /* Game.hpp */ = {isa = PBXFileReference; lastKnownFileType = sourcecode.cpp.h; path = Game.hpp; sourceTree = "<group>"; };
		9450B99D28C275A900C1A1EF /* libSDL2_image-2.0.0.dylib */ = {isa = PBXFileReference; lastKnownFileType = "compiled.mach-o.dylib"; name = "libSDL2_image-2.0.0.dylib"; path = "../../../../../../../usr/local/lib/libSDL2_image-2.0.0.dylib"; sourceTree = "<group>"; };
		9450B9A128C275DC00C1A1EF /* OpenGL.framework */ = {isa = PBXFileReference; lastKnownFileType = wrapper.framework; name = OpenGL.framework; path = System/Library/Frameworks/OpenGL.framework; sourceTree = SDKROOT; };
		9450B9A328C275F000C1A1EF /* CoreFoundation.framework */ = {isa = PBXFileReference; lastKnownFileType = wrapper.framework; name = CoreFoundation.framework; path = System/Library/Frameworks/CoreFoundation.framework; sourceTree = SDKROOT; };
/* End PBXFileReference section */

/* Begin PBXFrameworksBuildPhase section */
		9450B98628C26D0500C1A1EF /* Frameworks */ = {
			isa = PBXFrameworksBuildPhase;
			buildActionMask = 2147483647;
			files = (
				9450B9A428C275F000C1A1EF /* CoreFoundation.framework in Frameworks */,
				9450B9A228C275DC00C1A1EF /* OpenGL.framework in Frameworks */,
				9450B99528C26DB900C1A1EF /* libSDL2-2.0.0.dylib in Frameworks */,
			);
			runOnlyForDeploymentPostprocessing = 0;
		};
/* End PBXFrameworksBuildPhase section */

/* Begin PBXGroup section */
		9450B98028C26D0500C1A1EF = {
			isa = PBXGroup;
			children = (
				9450B98B28C26D0500C1A1EF /* Pong Game */,
				9450B98A28C26D0500C1A1EF /* Products */,
				9450B99328C26DB900C1A1EF /* Frameworks */,
			);
			sourceTree = "<group>";
		};
		9450B98A28C26D0500C1A1EF /* Products */ = {
			isa = PBXGroup;
			children = (
				9450B98928C26D0500C1A1EF /* Pong Game */,
			);
			name = Products;
			sourceTree = "<group>";
		};
		9450B98B28C26D0500C1A1EF /* Pong Game */ = {
			isa = PBXGroup;
			children = (
				9450B99628C26E6E00C1A1EF /* Game */,
				9450B98C28C26D0500C1A1EF /* main.cpp */,
			);
			path = "Pong Game";
			sourceTree = "<group>";
		};
		9450B99328C26DB900C1A1EF /* Frameworks */ = {
			isa = PBXGroup;
			children = (
				9450B9A328C275F000C1A1EF /* CoreFoundation.framework */,
				9450B9A128C275DC00C1A1EF /* OpenGL.framework */,
				9450B99D28C275A900C1A1EF /* libSDL2_image-2.0.0.dylib */,
				9450B99428C26DB900C1A1EF /* libSDL2-2.0.0.dylib */,
			);
			name = Frameworks;
			sourceTree = "<group>";
		};
		9450B99628C26E6E00C1A1EF /* Game */ = {
			isa = PBXGroup;
			children = (
				9450B99728C26E8400C1A1EF /* Game.cpp */,
				9450B99828C26E8400C1A1EF /* Game.hpp */,
			);
			path = Game;
			sourceTree = "<group>";
		};
/* End PBXGroup section */

/* Begin PBXNativeTarget section */
		9450B98828C26D0500C1A1EF /* Pong Game */ = {
			isa = PBXNativeTarget;
			buildConfigurationList = 9450B99028C26D0500C1A1EF /* Build configuration list for PBXNativeTarget "Pong Game" */;
			buildPhases = (
				9450B98528C26D0500C1A1EF /* Sources */,
				9450B98628C26D0500C1A1EF /* Frameworks */,
				9450B98728C26D0500C1A1EF /* CopyFiles */,
			);
			buildRules = (
			);
			dependencies = (
			);
			name = "Pong Game";
			productName = "Game Loop";
			productReference = 9450B98928C26D0500C1A1EF /* Pong Game */;
			productType = "com.apple.product-type.tool";
		};
/* End PBXNativeTarget section */

/* Begin PBXProject section */
		9450B98128C26D0500C1A1EF /* Project object */ = {
			isa = PBXProject;
			attributes = {
				BuildIndependentTargetsInParallel = 1;
				LastUpgradeCheck = 1340;
				TargetAttributes = {
					9450B98828C26D0500C1A1EF = {
						CreatedOnToolsVersion = 13.4.1;
					};
				};
			};
			buildConfigurationList = 9450B98428C26D0500C1A1EF /* Build configuration list for PBXProject "Pong Game" */;
			compatibilityVersion = "Xcode 13.0";
			developmentRegion = en;
			hasScannedForEncodings = 0;
			knownRegions = (
				en,
				Base,
			);
			mainGroup = 9450B98028C26D0500C1A1EF;
			productRefGroup = 9450B98A28C26D0500C1A1EF /* Products */;
			projectDirPath = "";
			projectRoot = "";
			targets = (
				9450B98828C26D0500C1A1EF /* Pong Game */,
			);
		};
/* End PBXProject section */

/* Begin PBXSourcesBuildPhase section */
		9450B98528C26D0500C1A1EF /* Sources */ = {
			isa = PBXSourcesBuildPhase;
			buildActionMask = 2147483647;
			files = (
				9450B98D28C26D0500C1A1EF /* main.cpp in Sources */,
				9450B99928C26E8400C1A1EF /* Game.cpp in Sources */,
			);
			runOnlyForDeploymentPostprocessing = 0;
		};
/* End PBXSourcesBuildPhase section */

/* Begin XCBuildConfiguration section */
		9450B98E28C26D0500C1A1EF /* Debug */ = {
			isa = XCBuildConfiguration;
			buildSettings = {
				ALWAYS_SEARCH_USER_PATHS = NO;
				CLANG_ANALYZER_NONNULL = YES;
				CLANG_ANALYZER_NUMBER_OBJECT_CONVERSION = YES_AGGRESSIVE;
				CLANG_CXX_LANGUAGE_STANDARD = "gnu++17";
				CLANG_ENABLE_MODULES = YES;
				CLANG_ENABLE_OBJC_ARC = YES;
				CLANG_ENABLE_OBJC_WEAK = YES;
				CLANG_WARN_BLOCK_CAPTURE_AUTORELEASING = YES;
				CLANG_WARN_BOOL_CONVERSION = YES;
				CLANG_WARN_COMMA = YES;
				CLANG_WARN_CONSTANT_CONVERSION = YES;
				CLANG_WARN_DEPRECATED_OBJC_IMPLEMENTATIONS = YES;
				CLANG_WARN_DIRECT_OBJC_ISA_USAGE = YES_ERROR;
				CLANG_WARN_DOCUMENTATION_COMMENTS = YES;
				CLANG_WARN_EMPTY_BODY = YES;
				CLANG_WARN_ENUM_CONVERSION = YES;
				CLANG_WARN_INFINITE_RECURSION = YES;
				CLANG_WARN_INT_CONVERSION = YES;
				CLANG_WARN_NON_LITERAL_NULL_CONVERSION = YES;
				CLANG_WARN_OBJC_IMPLICIT_RETAIN_SELF = YES;
				CLANG_WARN_OBJC_LITERAL_CONVERSION = YES;
				CLANG_WARN_OBJC_ROOT_CLASS = YES_ERROR;
				CLANG_WARN_QUOTED_INCLUDE_IN_FRAMEWORK_HEADER = YES;
				CLANG_WARN_RANGE_LOOP_ANALYSIS = YES;
				CLANG_WARN_STRICT_PROTOTYPES = YES;
				CLANG_WARN_SUSPICIOUS_MOVE = YES;
				CLANG_WARN_UNGUARDED_AVAILABILITY = YES_AGGRESSIVE;
				CLANG_WARN_UNREACHABLE_CODE = YES;
				CLANG_WARN__DUPLICATE_METHOD_MATCH = YES;
				COPY_PHASE_STRIP = NO;
				DEBUG_INFORMATION_FORMAT = dwarf;
				ENABLE_STRICT_OBJC_MSGSEND = YES;
				ENABLE_TESTABILITY = YES;
				GCC_C_LANGUAGE_STANDARD = gnu11;
				GCC_DYNAMIC_NO_PIC = NO;
				GCC_NO_COMMON_BLOCKS = YES;
				GCC_OPTIMIZATION_LEVEL = 0;
				GCC_PREPROCESSOR_DEFINITIONS = (
					"DEBUG=1",
					"$(inherited)",
				);
				GCC_WARN_64_TO_32_BIT_CONVERSION = YES;
				GCC_WARN_ABOUT_RETURN_TYPE = YES_ERROR;
				GCC_WARN_UNDECLARED_SELECTOR = YES;
				GCC_WARN_UNINITIALIZED_AUTOS = YES_AGGRESSIVE;
				GCC_WARN_UNUSED_FUNCTION = YES;
				GCC_WARN_UNUSED_VARIABLE = YES;
				MACOSX_DEPLOYMENT_TARGET = 12.3;
				MTL_ENABLE_DEBUG_INFO = INCLUDE_SOURCE;
				MTL_FAST_MATH = YES;
				ONLY_ACTIVE_ARCH = YES;
				SDKROOT = macosx;
			};
			name = Debug;
		};
		9450B98F28C26D0500C1A1EF /* Release */ = {
			isa = XCBuildConfiguration;
			buildSettings = {
				ALWAYS_SEARCH_USER_PATHS = NO;
				CLANG_ANALYZER_NONNULL = YES;
				CLANG_ANALYZER_NUMBER_OBJECT_CONVERSION = YES_AGGRESSIVE;
				CLANG_CXX_LANGUAGE_STANDARD = "gnu++17";
				CLANG_ENABLE_MODULES = YES;
				CLANG_ENABLE_OBJC_ARC = YES;
				CLANG_ENABLE_OBJC_WEAK = YES;
				CLANG_WARN_BLOCK_CAPTURE_AUTORELEASING = YES;
				CLANG_WARN_BOOL_CONVERSION = YES;
				CLANG_WARN_COMMA = YES;
				CLANG_WARN_CONSTANT_CONVERSION = YES;
				CLANG_WARN_DEPRECATED_OBJC_IMPLEMENTATIONS = YES;
				CLANG_WARN_DIRECT_OBJC_ISA_USAGE = YES_ERROR;
				CLANG_WARN_DOCUMENTATION_COMMENTS = YES;
				CLANG_WARN_EMPTY_BODY = YES;
				CLANG_WARN_ENUM_CONVERSION = YES;
				CLANG_WARN_INFINITE_RECURSION = YES;
				CLANG_WARN_INT_CONVERSION = YES;
				CLANG_WARN_NON_LITERAL_NULL_CONVERSION = YES;
				CLANG_WARN_OBJC_IMPLICIT_RETAIN_SELF = YES;
				CLANG_WARN_OBJC_LITERAL_CONVERSION = YES;
				CLANG_WARN_OBJC_ROOT_CLASS = YES_ERROR;
				CLANG_WARN_QUOTED_INCLUDE_IN_FRAMEWORK_HEADER = YES;
				CLANG_WARN_RANGE_LOOP_ANALYSIS = YES;
				CLANG_WARN_STRICT_PROTOTYPES = YES;
				CLANG_WARN_SUSPICIOUS_MOVE = YES;
				CLANG_WARN_UNGUARDED_AVAILABILITY = YES_AGGRESSIVE;
				CLANG_WARN_UNREACHABLE_CODE = YES;
				CLANG_WARN__DUPLICATE_METHOD_MATCH = YES;
				COPY_PHASE_STRIP = NO;
				DEBUG_INFORMATION_FORMAT = "dwarf-with-dsym";
				ENABLE_NS_ASSERTIONS = NO;
				ENABLE_STRICT_OBJC_MSGSEND = YES;
				GCC_C_LANGUAGE_STANDARD = gnu11;
				GCC_NO_COMMON_BLOCKS = YES;
				GCC_WARN_64_TO_32_BIT_CONVERSION = YES;
				GCC_WARN_ABOUT_RETURN_TYPE = YES_ERROR;
				GCC_WARN_UNDECLARED_SELECTOR = YES;
				GCC_WARN_UNINITIALIZED_AUTOS = YES_AGGRESSIVE;
				GCC_WARN_UNUSED_FUNCTION = YES;
				GCC_WARN_UNUSED_VARIABLE = YES;
				MACOSX_DEPLOYMENT_TARGET = 12.3;
				MTL_ENABLE_DEBUG_INFO = NO;
				MTL_FAST_MATH = YES;
				SDKROOT = macosx;
			};
			name = Release;
		};
		9450B99128C26D0500C1A1EF /* Debug */ = {
			isa = XCBuildConfiguration;
			buildSettings = {
				CODE_SIGN_STYLE = Automatic;
				HEADER_SEARCH_PATHS = /usr/local/include;
				LIBRARY_SEARCH_PATHS = /usr/local/lib;
				PRODUCT_NAME = "$(TARGET_NAME)";
			};
			name = Debug;
		};
		9450B99228C26D0500C1A1EF /* Release */ = {
			isa = XCBuildConfiguration;
			buildSettings = {
				CODE_SIGN_STYLE = Automatic;
				HEADER_SEARCH_PATHS = /usr/local/include;
				LIBRARY_SEARCH_PATHS = /usr/local/lib;
				PRODUCT_NAME = "$(TARGET_NAME)";
			};
			name = Release;
		};
/* End XCBuildConfiguration section */

/* Begin XCConfigurationList section */
		9450B98428C26D0500C1A1EF /* Build configuration list for PBXProject "Pong Game" */ = {
			isa = XCConfigurationList;
			buildConfigurations = (
				9450B98E28C26D0500C1A1EF /* Debug */,
				9450B98F28C26D0500C1A1EF /* Release */,
			);
			defaultConfigurationIsVisible = 0;
			defaultConfigurationName = Release;
		};
		9450B99028C26D0500C1A1EF /* Build configuration list for PBXNativeTarget "Pong Game" */ = {
			isa = XCConfigurationList;
			buildConfigurations = (
				9450B99128C26D0500C1A1EF /* Debug */,
				9450B99228C26D0500C1A1EF /* Release */,
			);
			defaultConfigurationIsVisible = 0;
			defaultConfigurationName = Release;
		};
/* End XCConfigurationList section */
	};
	rootObject = 9450B98128C26D0500C1A1EF /* Project object */;
}
